{
    "_readme": [
        "This file locks the dependencies of your project to a known state",
        "Read more about it at https://getcomposer.org/doc/01-basic-usage.md#installing-dependencies",
        "This file is @generated automatically"
    ],
    "content-hash": "4a2003b86bfac502f7bf3c25e0f730ea",
    "packages": [
        {
            "name": "dashifen/case-changing-trait",
            "version": "1.0.1",
            "source": {
                "type": "git",
                "url": "https://github.com/dashifen/case-changing-trait.git",
                "reference": "950e54a87a77f0fc960ad4c2d3e43e4cde04e144"
            },
            "dist": {
                "type": "zip",
                "url": "https://api.github.com/repos/dashifen/case-changing-trait/zipball/950e54a87a77f0fc960ad4c2d3e43e4cde04e144",
                "reference": "950e54a87a77f0fc960ad4c2d3e43e4cde04e144",
                "shasum": ""
            },
            "require": {
                "php": ">= 7.4"
            },
            "type": "library",
            "autoload": {
                "psr-4": {
                    "Dashifen\\CaseChangingTrait\\": "src"
                }
            },
            "notification-url": "https://packagist.org/downloads/",
            "license": [
                "MIT"
            ],
            "authors": [
                {
                    "name": "David Dashifen Kees",
                    "email": "dashifen@dashifen.com",
                    "role": "developer"
                }
            ],
            "description": "A PHP trait that converts between common programming character cases.",
            "support": {
                "issues": "https://github.com/dashifen/case-changing-trait/issues",
                "source": "https://github.com/dashifen/case-changing-trait/tree/1.0.1"
            },
            "time": "2021-04-07T12:54:46+00:00"
        },
        {
            "name": "dashifen/exception",
            "version": "1.2.0",
            "source": {
                "type": "git",
                "url": "https://github.com/dashifen/exception.git",
                "reference": "e795e1d973e9f781eb3a8371b6299c852eef9bc1"
            },
            "dist": {
                "type": "zip",
                "url": "https://api.github.com/repos/dashifen/exception/zipball/e795e1d973e9f781eb3a8371b6299c852eef9bc1",
                "reference": "e795e1d973e9f781eb3a8371b6299c852eef9bc1",
                "shasum": ""
            },
            "require": {
                "php": ">=7.3"
            },
            "type": "library",
            "autoload": {
                "psr-4": {
                    "Dashifen\\Exception\\": "src/"
                }
            },
            "notification-url": "https://packagist.org/downloads/",
            "license": [
                "MIT"
            ],
            "authors": [
                {
                    "name": "David Dashifen Kees",
                    "email": "dashifen@dashifen.com",
                    "homepage": "https://dashifen.com",
                    "role": "developer"
                }
            ],
            "description": "a base class for exceptions in Dashifen's other work",
            "support": {
                "issues": "https://github.com/dashifen/exception/issues",
                "source": "https://github.com/dashifen/exception/tree/1.2.0"
            },
            "time": "2019-12-12T14:26:49+00:00"
        }
    ],
    "packages-dev": [],
    "aliases": [],
    "minimum-stability": "stable",
    "stability-flags": [],
    "prefer-stable": false,
    "prefer-lowest": false,
    "platform": {
        "php": ">=7.4",
        "ext-json": "*"
    },
    "platform-dev": [],
    "plugin-api-version": "2.0.0"
}
